
Microsoft Visual Studio Solution File, Format Version 12.00
# Visual Studio 2012
Project("{FAE04EC0-301F-11D3-BF4B-00C04F79EFBC}") = "TestAndroidApp1", "TestAndroidApp1\TestAndroidApp1.csproj", "{12B8A89A-F6C6-46CD-84D7-E67C14220849}"
EndProject
Global
	GlobalSection(SolutionConfigurationPlatforms) = preSolution
		Debug|Any CPU = Debug|Any CPU
		Release|Any CPU = Release|Any CPU
	EndGlobalSection
	GlobalSection(ProjectConfigurationPlatforms) = postSolution
		{12B8A89A-F6C6-46CD-84D7-E67C14220849}.Debug|Any CPU.ActiveCfg = Debug|Any CPU
		{12B8A89A-F6C6-46CD-84D7-E67C14220849}.Debug|Any CPU.Build.0 = Debug|Any CPU
		{12B8A89A-F6C6-46CD-84D7-E67C14220849}.Release|Any CPU.ActiveCfg = Release|Any CPU
		{12B8A89A-F6C6-46CD-84D7-E67C14220849}.Release|Any CPU.Build.0 = Release|Any CPU
	EndGlobalSection
	GlobalSection(MonoDevelopProperties) = preSolution
		StartupItem = TestAndroidApp1\TestAndroidApp1.csproj
	EndGlobalSection
EndGlobal
